
Microsoft Visual Studio Solution File, Format Version 12.00
# Visual Studio Version 16
VisualStudioVersion = 16.0.31105.61
MinimumVisualStudioVersion = 10.0.40219.1
Project("{9A19103F-16F7-4668-BE54-9A1E7A4F7556}") = "Accounts.API", "Accounts.API\Accounts.API.csproj", "{F3E5D729-B640-44E8-9E13-DF915E7666B7}"
EndProject
Project("{9A19103F-16F7-4668-BE54-9A1E7A4F7556}") = "Accounts.Domain", "Accounts.Domain\Accounts.Domain.csproj", "{5FDC2E94-C48E-4A20-82B1-25C99E2A3D34}"
EndProject
Project("{FAE04EC0-301F-11D3-BF4B-00C04F79EFBC}") = "Accounts.Infrastructure", "Accounts.Infrastructure\Accounts.Infrastructure.csproj", "{49A0AA90-ACF8-432E-8BAE-4FA359E6B200}"
EndProject
Project("{FAE04EC0-301F-11D3-BF4B-00C04F79EFBC}") = "Accounts.UnitTests", "Accounts.UnitTests\Accounts.UnitTests.csproj", "{154097DD-30D5-46F3-843D-6324094B193D}"
EndProject
Global
	GlobalSection(SolutionConfigurationPlatforms) = preSolution
		Debug|Any CPU = Debug|Any CPU
		Release|Any CPU = Release|Any CPU
	EndGlobalSection
	GlobalSection(ProjectConfigurationPlatforms) = postSolution
		{F3E5D729-B640-44E8-9E13-DF915E7666B7}.Debug|Any CPU.ActiveCfg = Debug|Any CPU
		{F3E5D729-B640-44E8-9E13-DF915E7666B7}.Debug|Any CPU.Build.0 = Debug|Any CPU
		{F3E5D729-B640-44E8-9E13-DF915E7666B7}.Release|Any CPU.ActiveCfg = Release|Any CPU
		{F3E5D729-B640-44E8-9E13-DF915E7666B7}.Release|Any CPU.Build.0 = Release|Any CPU
		{5FDC2E94-C48E-4A20-82B1-25C99E2A3D34}.Debug|Any CPU.ActiveCfg = Debug|Any CPU
		{5FDC2E94-C48E-4A20-82B1-25C99E2A3D34}.Debug|Any CPU.Build.0 = Debug|Any CPU
		{5FDC2E94-C48E-4A20-82B1-25C99E2A3D34}.Release|Any CPU.ActiveCfg = Release|Any CPU
		{5FDC2E94-C48E-4A20-82B1-25C99E2A3D34}.Release|Any CPU.Build.0 = Release|Any CPU
		{49A0AA90-ACF8-432E-8BAE-4FA359E6B200}.Debug|Any CPU.ActiveCfg = Debug|Any CPU
		{49A0AA90-ACF8-432E-8BAE-4FA359E6B200}.Debug|Any CPU.Build.0 = Debug|Any CPU
		{49A0AA90-ACF8-432E-8BAE-4FA359E6B200}.Release|Any CPU.ActiveCfg = Release|Any CPU
		{49A0AA90-ACF8-432E-8BAE-4FA359E6B200}.Release|Any CPU.Build.0 = Release|Any CPU
		{154097DD-30D5-46F3-843D-6324094B193D}.Debug|Any CPU.ActiveCfg = Debug|Any CPU
		{154097DD-30D5-46F3-843D-6324094B193D}.Debug|Any CPU.Build.0 = Debug|Any CPU
		{154097DD-30D5-46F3-843D-6324094B193D}.Release|Any CPU.ActiveCfg = Release|Any CPU
		{154097DD-30D5-46F3-843D-6324094B193D}.Release|Any CPU.Build.0 = Release|Any CPU
	EndGlobalSection
	GlobalSection(SolutionProperties) = preSolution
		HideSolutionNode = FALSE
	EndGlobalSection
	GlobalSection(ExtensibilityGlobals) = postSolution
		SolutionGuid = {0BA1F43E-1DC9-4A1A-824D-E35586603260}
	EndGlobalSection
EndGlobal
